
Microsoft Visual Studio Solution File, Format Version 12.00
# Visual Studio 15
Project("{FAE04EC0-301F-11D3-BF4B-00C04F79EFBC}") = "Chat.API", "Chat.API\Chat.API.csproj", "{F69F36C7-EC77-4F4D-A143-89F68594E76F}"
EndProject
Global
	GlobalSection(SolutionConfigurationPlatforms) = preSolution
		Debug|Any CPU = Debug|Any CPU
		Release|Any CPU = Release|Any CPU
	EndGlobalSection
	GlobalSection(ProjectConfigurationPlatforms) = postSolution
		{F69F36C7-EC77-4F4D-A143-89F68594E76F}.Debug|Any CPU.ActiveCfg = Debug|Any CPU
		{F69F36C7-EC77-4F4D-A143-89F68594E76F}.Debug|Any CPU.Build.0 = Debug|Any CPU
		{F69F36C7-EC77-4F4D-A143-89F68594E76F}.Release|Any CPU.ActiveCfg = Release|Any CPU
		{F69F36C7-EC77-4F4D-A143-89F68594E76F}.Release|Any CPU.Build.0 = Release|Any CPU
	EndGlobalSection
EndGlobal
